{
  "name": "rpc-subagents",
  "version": "0.1.0",
  "lockfileVersion": 3,
  "requires": true,
  "packages": {
    "": {
      "name": "rpc-subagents",
      "version": "0.1.0",
      "dependencies": {
        "croner": "9.1.0"
      }
    },
    "node_modules/croner": {
      "version": "9.1.0",
      "resolved": "https://registry.npmjs.org/croner/-/croner-9.1.0.tgz",
      "integrity": "sha512-p9nwwR4qyT5W996vBZhdvBCnMhicY5ytZkR4D1Xj0wuTDEiMnjwR57Q3RXYY/s0EpX6Ay3vgIcfaR+ewGHsi+g==",
      "license": "MIT",
      "engines": {
        "node": ">=18.0"
      }
    }
  }
}
